{
  "name": "runeflow",
  "version": "0.1.0",
  "lockfileVersion": 3,
  "requires": true,
  "packages": {
    "": {
      "name": "runeflow",
      "version": "0.1.0",
      "license": "MIT",
      "dependencies": {
        "@ai-sdk/anthropic": "^3.0.67",
        "@ai-sdk/cerebras": "^2.0.44",
        "@ai-sdk/google": "^3.0.59",
        "@ai-sdk/groq": "^3.0.34",
        "@ai-sdk/mistral": "^3.0.29",
        "@ai-sdk/openai": "^3.0.51",
        "ai": "^6.0.149",
        "tiktoken": "^1.0.22",
        "yaml": "^2.8.1",
        "zod": "^4.3.6"
      },
      "bin": {
        "runeflow": "bin/runeflow.js"
      },
      "engines": {
        "node": ">=20"
      }
    },
    "node_modules/@ai-sdk/anthropic": {
      "version": "3.0.67",
      "resolved": "https://registry.npmjs.org/@ai-sdk/anthropic/-/anthropic-3.0.67.tgz",
      "integrity": "sha512-FFX4P5Fd6lcQJc2OLngZQkbbJHa0IDDZi087Edb8qRZx6h90krtM61ArbMUL8us/7ZUwojCXnyJ/wQ2Eflx2jQ==",
      "license": "Apache-2.0",
      "dependencies": {
        "@ai-sdk/provider": "3.0.8",
        "@ai-sdk/provider-utils": "4.0.23"
      },
      "engines": {
        "node": ">=18"
      },
      "peerDependencies": {
        "zod": "^3.25.76 || ^4.1.8"
      }
    },
    "node_modules/@ai-sdk/cerebras": {
      "version": "2.0.44",
      "resolved": "https://registry.npmjs.org/@ai-sdk/cerebras/-/cerebras-2.0.44.tgz",
      "integrity": "sha512-J9fyXolhXOBW+X9jnaeSVMMSaf9Wj1v8dw7m/BB79lSA8tLtwtsXpQbjYv3JOqMSZH/vDaTD4E/pNYpZ9ExJog==",
      "license": "Apache-2.0",
      "dependencies": {
        "@ai-sdk/openai-compatible": "2.0.40",
        "@ai-sdk/provider": "3.0.8",
        "@ai-sdk/provider-utils": "4.0.23"
      },
      "engines": {
        "node": ">=18"
      },
      "peerDependencies": {
        "zod": "^3.25.76 || ^4.1.8"
      }
    },
    "node_modules/@ai-sdk/gateway": {
      "version": "3.0.91",
      "resolved": "https://registry.npmjs.org/@ai-sdk/gateway/-/gateway-3.0.91.tgz",
      "integrity": "sha512-J39Dh6Gyg6HjG3A7OFKnJMp3QyZ3Eex+XDiX8aFBdRwwZm3jGWaMhkCxQPH7yiQ9kRiErZwHXX/Oexx4SyGGGA==",
      "license": "Apache-2.0",
      "dependencies": {
        "@ai-sdk/provider": "3.0.8",
        "@ai-sdk/provider-utils": "4.0.23",
        "@vercel/oidc": "3.1.0"
      },
      "engines": {
        "node": ">=18"
      },
      "peerDependencies": {
        "zod": "^3.25.76 || ^4.1.8"
      }
    },
    "node_modules/@ai-sdk/google": {
      "version": "3.0.59",
      "resolved": "https://registry.npmjs.org/@ai-sdk/google/-/google-3.0.59.tgz",
      "integrity": "sha512-N5pyd6xSIIguG45kM/hvWdTrmudOY/iZ07DZu12K5q/NSeapQQFOYg+3DRKONzS9+FESLugjjzFrzfA24sQ6lw==",
      "license": "Apache-2.0",
      "dependencies": {
        "@ai-sdk/provider": "3.0.8",
        "@ai-sdk/provider-utils": "4.0.23"
      },
      "engines": {
        "node": ">=18"
      },
      "peerDependencies": {
        "zod": "^3.25.76 || ^4.1.8"
      }
    },
    "node_modules/@ai-sdk/groq": {
      "version": "3.0.34",
      "resolved": "https://registry.npmjs.org/@ai-sdk/groq/-/groq-3.0.34.tgz",
      "integrity": "sha512-uCbzWBC8SQbme0BRTBvkhgTZH6PRR9NqurLav2IvDmAIenRrv8jmaX6Qqx9JjWO/Mrfmmxd5lLUj0HnfymBCUQ==",
      "license": "Apache-2.0",
      "dependencies": {
        "@ai-sdk/provider": "3.0.8",
        "@ai-sdk/provider-utils": "4.0.23"
      },
      "engines": {
        "node": ">=18"
      },
      "peerDependencies": {
        "zod": "^3.25.76 || ^4.1.8"
      }
    },
    "node_modules/@ai-sdk/mistral": {
      "version": "3.0.29",
      "resolved": "https://registry.npmjs.org/@ai-sdk/mistral/-/mistral-3.0.29.tgz",
      "integrity": "sha512-fsnoVGMMlCHZ7YNY9a0Bk7VkVYpRszZ8WwBmWSKRAEz8z599uYJCvXBV+sq8X6pHInWhaWjeOahf0mGHlcGCSA==",
      "license": "Apache-2.0",
      "dependencies": {
        "@ai-sdk/provider": "3.0.8",
        "@ai-sdk/provider-utils": "4.0.23"
      },
      "engines": {
        "node": ">=18"
      },
      "peerDependencies": {
        "zod": "^3.25.76 || ^4.1.8"
      }
    },
    "node_modules/@ai-sdk/openai": {
      "version": "3.0.51",
      "resolved": "https://registry.npmjs.org/@ai-sdk/openai/-/openai-3.0.51.tgz",
      "integrity": "sha512-qBgDOC+vlXwLFbZ3UoKx3T8VFyul3K39JNyW6E4XnOnzLT4Mlhb0GeDC06RvYqwGWOQFBQNLe/vegOMVtNpl5g==",
      "license": "Apache-2.0",
      "dependencies": {
        "@ai-sdk/provider": "3.0.8",
        "@ai-sdk/provider-utils": "4.0.23"
      },
      "engines": {
        "node": ">=18"
      },
      "peerDependencies": {
        "zod": "^3.25.76 || ^4.1.8"
      }
    },
    "node_modules/@ai-sdk/openai-compatible": {
      "version": "2.0.40",
      "resolved": "https://registry.npmjs.org/@ai-sdk/openai-compatible/-/openai-compatible-2.0.40.tgz",
      "integrity": "sha512-mhJQJh/CijoHOHby0jYeWZVCflyc6vVLz8LJ+XLEkoOl47/BsEJzhDz7YRZnrmDnO1oXtqq/awfgwPyd4VStWg==",
      "license": "Apache-2.0",
      "dependencies": {
        "@ai-sdk/provider": "3.0.8",
        "@ai-sdk/provider-utils": "4.0.23"
      },
      "engines": {
        "node": ">=18"
      },
      "peerDependencies": {
        "zod": "^3.25.76 || ^4.1.8"
      }
    },
    "node_modules/@ai-sdk/provider": {
      "version": "3.0.8",
      "resolved": "https://registry.npmjs.org/@ai-sdk/provider/-/provider-3.0.8.tgz",
      "integrity": "sha512-oGMAgGoQdBXbZqNG0Ze56CHjDZ1IDYOwGYxYjO5KLSlz5HiNQ9udIXsPZ61VWaHGZ5XW/jyjmr6t2xz2jGVwbQ==",
      "license": "Apache-2.0",
      "dependencies": {
        "json-schema": "^0.4.0"
      },
      "engines": {
        "node": ">=18"
      }
    },
    "node_modules/@ai-sdk/provider-utils": {
      "version": "4.0.23",
      "resolved": "https://registry.npmjs.org/@ai-sdk/provider-utils/-/provider-utils-4.0.23.tgz",
      "integrity": "sha512-z8GlDaCmRSDlqkMF2f4/RFgWxdarvIbyuk+m6WXT1LYgsnGiXRJGTD2Z1+SDl3LqtFuRtGX1aghYvQLoHL/9pg==",
      "license": "Apache-2.0",
      "dependencies": {
        "@ai-sdk/provider": "3.0.8",
        "@standard-schema/spec": "^1.1.0",
        "eventsource-parser": "^3.0.6"
      },
      "engines": {
        "node": ">=18"
      },
      "peerDependencies": {
        "zod": "^3.25.76 || ^4.1.8"
      }
    },
    "node_modules/@opentelemetry/api": {
      "version": "1.9.0",
      "resolved": "https://registry.npmjs.org/@opentelemetry/api/-/api-1.9.0.tgz",
      "integrity": "sha512-3giAOQvZiH5F9bMlMiv8+GSPMeqg0dbaeo58/0SlA9sxSqZhnUtxzX9/2FzyhS9sWQf5S0GJE0AKBrFqjpeYcg==",
      "license": "Apache-2.0",
      "engines": {
        "node": ">=8.0.0"
      }
    },
    "node_modules/@standard-schema/spec": {
      "version": "1.1.0",
      "resolved": "https://registry.npmjs.org/@standard-schema/spec/-/spec-1.1.0.tgz",
      "integrity": "sha512-l2aFy5jALhniG5HgqrD6jXLi/rUWrKvqN/qJx6yoJsgKhblVd+iqqU4RCXavm/jPityDo5TCvKMnpjKnOriy0w==",
      "license": "MIT"
    },
    "node_modules/@vercel/oidc": {
      "version": "3.1.0",
      "resolved": "https://registry.npmjs.org/@vercel/oidc/-/oidc-3.1.0.tgz",
      "integrity": "sha512-Fw28YZpRnA3cAHHDlkt7xQHiJ0fcL+NRcIqsocZQUSmbzeIKRpwttJjik5ZGanXP+vlA4SbTg+AbA3bP363l+w==",
      "license": "Apache-2.0",
      "engines": {
        "node": ">= 20"
      }
    },
    "node_modules/ai": {
      "version": "6.0.149",
      "resolved": "https://registry.npmjs.org/ai/-/ai-6.0.149.tgz",
      "integrity": "sha512-3asRb/m3ZGH7H4+VTuTgj8eQYJZ9IJUmV0ljLslY92mQp6Zj+NVn4SmFj0TBr2Y/wFBWC3xgn++47tSGOXxdbw==",
      "license": "Apache-2.0",
      "dependencies": {
        "@ai-sdk/gateway": "3.0.91",
        "@ai-sdk/provider": "3.0.8",
        "@ai-sdk/provider-utils": "4.0.23",
        "@opentelemetry/api": "1.9.0"
      },
      "engines": {
        "node": ">=18"
      },
      "peerDependencies": {
        "zod": "^3.25.76 || ^4.1.8"
      }
    },
    "node_modules/eventsource-parser": {
      "version": "3.0.6",
      "resolved": "https://registry.npmjs.org/eventsource-parser/-/eventsource-parser-3.0.6.tgz",
      "integrity": "sha512-Vo1ab+QXPzZ4tCa8SwIHJFaSzy4R6SHf7BY79rFBDf0idraZWAkYrDjDj8uWaSm3S2TK+hJ7/t1CEmZ7jXw+pg==",
      "license": "MIT",
      "engines": {
        "node": ">=18.0.0"
      }
    },
    "node_modules/json-schema": {
      "version": "0.4.0",
      "resolved": "https://registry.npmjs.org/json-schema/-/json-schema-0.4.0.tgz",
      "integrity": "sha512-es94M3nTIfsEPisRafak+HDLfHXnKBhV3vU5eqPcS3flIWqcxJWgXHXiey3YrpaNsanY5ei1VoYEbOzijuq9BA==",
      "license": "(AFL-2.1 OR BSD-3-Clause)"
    },
    "node_modules/tiktoken": {
      "version": "1.0.22",
      "resolved": "https://registry.npmjs.org/tiktoken/-/tiktoken-1.0.22.tgz",
      "integrity": "sha512-PKvy1rVF1RibfF3JlXBSP0Jrcw2uq3yXdgcEXtKTYn3QJ/cBRBHDnrJ5jHky+MENZ6DIPwNUGWpkVx+7joCpNA==",
      "license": "MIT"
    },
    "node_modules/yaml": {
      "version": "2.8.3",
      "resolved": "https://registry.npmjs.org/yaml/-/yaml-2.8.3.tgz",
      "integrity": "sha512-AvbaCLOO2Otw/lW5bmh9d/WEdcDFdQp2Z2ZUH3pX9U2ihyUY0nvLv7J6TrWowklRGPYbB/IuIMfYgxaCPg5Bpg==",
      "license": "ISC",
      "bin": {
        "yaml": "bin.mjs"
      },
      "engines": {
        "node": ">= 14.6"
      },
      "funding": {
        "url": "https://github.com/sponsors/eemeli"
      }
    },
    "node_modules/zod": {
      "version": "4.3.6",
      "resolved": "https://registry.npmjs.org/zod/-/zod-4.3.6.tgz",
      "integrity": "sha512-rftlrkhHZOcjDwkGlnUtZZkvaPHCsDATp4pGpuOOMDaTdDDXF91wuVDJoWoPsKX/3YPQ5fHuF3STjcYyKr+Qhg==",
      "license": "MIT",
      "funding": {
        "url": "https://github.com/sponsors/colinhacks"
      }
    }
  }
}
